
Microsoft Visual Studio Solution File, Format Version 12.00
# Visual Studio Version 17
VisualStudioVersion = 17.14.36301.6 d17.14
MinimumVisualStudioVersion = 10.0.40219.1
Project("{FAE04EC0-301F-11D3-BF4B-00C04F79EFBC}") = "12-T4.5-Intro to Methods", "12-T4.5-Intro to Methods.csproj", "{3603CAF5-B03C-43EB-A446-19BD66C009DB}"
EndProject
Global
	GlobalSection(SolutionConfigurationPlatforms) = preSolution
		Debug|Any CPU = Debug|Any CPU
		Release|Any CPU = Release|Any CPU
	EndGlobalSection
	GlobalSection(ProjectConfigurationPlatforms) = postSolution
		{3603CAF5-B03C-43EB-A446-19BD66C009DB}.Debug|Any CPU.ActiveCfg = Debug|Any CPU
		{3603CAF5-B03C-43EB-A446-19BD66C009DB}.Debug|Any CPU.Build.0 = Debug|Any CPU
		{3603CAF5-B03C-43EB-A446-19BD66C009DB}.Release|Any CPU.ActiveCfg = Release|Any CPU
		{3603CAF5-B03C-43EB-A446-19BD66C009DB}.Release|Any CPU.Build.0 = Release|Any CPU
	EndGlobalSection
	GlobalSection(SolutionProperties) = preSolution
		HideSolutionNode = FALSE
	EndGlobalSection
	GlobalSection(ExtensibilityGlobals) = postSolution
		SolutionGuid = {7056769B-7565-404E-9E52-BB969165F45A}
	EndGlobalSection
EndGlobal
